{
  "name": "recrafts",
  "version": "0.4.0-rc.1",
  "lockfileVersion": 3,
  "requires": true,
  "packages": {
    "": {
      "name": "recrafts",
      "version": "0.4.0-rc.1",
      "license": "UNLICENSED",
      "bin": {
        "recraft": "runtime/recraft-cli.mjs",
        "recraft-interop": "runtime/interop_cli.mjs"
      },
      "engines": {
        "node": ">=20"
      }
    }
  }
}
